
Microsoft Visual Studio Solution File, Format Version 12.00
# Visual Studio Version 17
VisualStudioVersion = 17.8.34330.188
MinimumVisualStudioVersion = 10.0.40219.1
Project("{FAE04EC0-301F-11D3-BF4B-00C04F79EFBC}") = "Hospital.Server", "Hospital.Server\Hospital.Server.csproj", "{72431C3A-05F8-4131-9C23-15608B9BDCD8}"
EndProject
Project("{54A90642-561A-4BB1-A94E-469ADEE60C69}") = "hospital.client", "hospital.client\hospital.client.esproj", "{D710AF74-4323-4DBD-95EC-E37F0E26993C}"
EndProject
Global
	GlobalSection(SolutionConfigurationPlatforms) = preSolution
		Debug|Any CPU = Debug|Any CPU
		Release|Any CPU = Release|Any CPU
	EndGlobalSection
	GlobalSection(ProjectConfigurationPlatforms) = postSolution
		{72431C3A-05F8-4131-9C23-15608B9BDCD8}.Debug|Any CPU.ActiveCfg = Debug|Any CPU
		{72431C3A-05F8-4131-9C23-15608B9BDCD8}.Debug|Any CPU.Build.0 = Debug|Any CPU
		{72431C3A-05F8-4131-9C23-15608B9BDCD8}.Release|Any CPU.ActiveCfg = Release|Any CPU
		{72431C3A-05F8-4131-9C23-15608B9BDCD8}.Release|Any CPU.Build.0 = Release|Any CPU
		{D710AF74-4323-4DBD-95EC-E37F0E26993C}.Debug|Any CPU.ActiveCfg = Debug|Any CPU
		{D710AF74-4323-4DBD-95EC-E37F0E26993C}.Debug|Any CPU.Build.0 = Debug|Any CPU
		{D710AF74-4323-4DBD-95EC-E37F0E26993C}.Debug|Any CPU.Deploy.0 = Debug|Any CPU
		{D710AF74-4323-4DBD-95EC-E37F0E26993C}.Release|Any CPU.ActiveCfg = Release|Any CPU
		{D710AF74-4323-4DBD-95EC-E37F0E26993C}.Release|Any CPU.Build.0 = Release|Any CPU
		{D710AF74-4323-4DBD-95EC-E37F0E26993C}.Release|Any CPU.Deploy.0 = Release|Any CPU
	EndGlobalSection
	GlobalSection(SolutionProperties) = preSolution
		HideSolutionNode = FALSE
	EndGlobalSection
	GlobalSection(ExtensibilityGlobals) = postSolution
		SolutionGuid = {5CF5086C-CF1C-42CE-AF7F-32B36FCC6604}
	EndGlobalSection
EndGlobal
